
Microsoft Visual Studio Solution File, Format Version 12.00
# Visual Studio Version 17
VisualStudioVersion = 17.14.36119.2 d17.14
MinimumVisualStudioVersion = 10.0.40219.1
Project("{FAE04EC0-301F-11D3-BF4B-00C04F79EFBC}") = "API", "API\API.csproj", "{069AF032-D842-44B2-A208-FBEA80A263A2}"
EndProject
Global
	GlobalSection(SolutionConfigurationPlatforms) = preSolution
		Debug|Any CPU = Debug|Any CPU
		Debug|x64 = Debug|x64
		Release|Any CPU = Release|Any CPU
		Release|x64 = Release|x64
	EndGlobalSection
	GlobalSection(ProjectConfigurationPlatforms) = postSolution
		{069AF032-D842-44B2-A208-FBEA80A263A2}.Debug|Any CPU.ActiveCfg = Debug|Any CPU
		{069AF032-D842-44B2-A208-FBEA80A263A2}.Debug|Any CPU.Build.0 = Debug|Any CPU
		{069AF032-D842-44B2-A208-FBEA80A263A2}.Debug|x64.ActiveCfg = Debug|x64
		{069AF032-D842-44B2-A208-FBEA80A263A2}.Debug|x64.Build.0 = Debug|x64
		{069AF032-D842-44B2-A208-FBEA80A263A2}.Release|Any CPU.ActiveCfg = Release|Any CPU
		{069AF032-D842-44B2-A208-FBEA80A263A2}.Release|Any CPU.Build.0 = Release|Any CPU
		{069AF032-D842-44B2-A208-FBEA80A263A2}.Release|x64.ActiveCfg = Release|x64
		{069AF032-D842-44B2-A208-FBEA80A263A2}.Release|x64.Build.0 = Release|x64
	EndGlobalSection
	GlobalSection(SolutionProperties) = preSolution
		HideSolutionNode = FALSE
	EndGlobalSection
	GlobalSection(ExtensibilityGlobals) = postSolution
		SolutionGuid = {00FCC8E7-B168-4ABD-B39C-60D16D07A60E}
	EndGlobalSection
EndGlobal
